// !$*UTF8*$!
{
	archiveVersion = 1;
	classes = {
	};
	objectVersion = 46;
	objects = {

/* Begin PBXBuildFile section */
		A0849E301EF8726D00F8D8D7 /* AppDelegate.swift in Sources */ = {isa = PBXBuildFile; fileRef = A0849E2F1EF8726D00F8D8D7 /* AppDelegate.swift */; };
		A0849E321EF8726D00F8D8D7 /* ViewController.swift in Sources */ = {isa = PBXBuildFile; fileRef = A0849E311EF8726D00F8D8D7 /* ViewController.swift */; };
		A0849E351EF8726D00F8D8D7 /* Main.storyboard in Resources */ = {isa = PBXBuildFile; fileRef = A0849E331EF8726D00F8D8D7 /* Main.storyboard */; };
		A0849E371EF8726D00F8D8D7 /* Assets.xcassets in Resources */ = {isa = PBXBuildFile; fileRef = A0849E361EF8726D00F8D8D7 /* Assets.xcassets */; };
		A0849E3A1EF8726D00F8D8D7 /* LaunchScreen.storyboard in Resources */ = {isa = PBXBuildFile; fileRef = A0849E381EF8726D00F8D8D7 /* LaunchScreen.storyboard */; };
/* End PBXBuildFile section */

/* Begin PBXFileReference section */
		A0849E2C1EF8726D00F8D8D7 /* War_game.app */ = {isa = PBXFileReference; explicitFileType = wrapper.application; includeInIndex = 0; path = War_game.app; sourceTree = BUILT_PRODUCTS_DIR; };
		A0849E2F1EF8726D00F8D8D7 /* AppDelegate.swift */ = {isa = PBXFileReference; lastKnownFileType = sourcecode.swift; path = AppDelegate.swift; sourceTree = "<group>"; };
		A0849E311EF8726D00F8D8D7 /* ViewController.swift */ = {isa = PBXFileReference; lastKnownFileType = sourcecode.swift; path = ViewController.swift; sourceTree = "<group>"; };
		A0849E341EF8726D00F8D8D7 /* Base */ = {isa = PBXFileReference; lastKnownFileType = file.storyboard; name = Base; path = Base.lproj/Main.storyboard; sourceTree = "<group>"; };
		A0849E361EF8726D00F8D8D7 /* Assets.xcassets */ = {isa = PBXFileReference; lastKnownFileType = folder.assetcatalog; path = Assets.xcassets; sourceTree = "<group>"; };
		A0849E391EF8726D00F8D8D7 /* Base */ = {isa = PBXFileReference; lastKnownFileType = file.storyboard; name = Base; path = Base.lproj/LaunchScreen.storyboard; sourceTree = "<group>"; };
		A0849E3B1EF8726D00F8D8D7 /* Info.plist */ = {isa = PBXFileReference; lastKnownFileType = text.plist.xml; path = Info.plist; sourceTree = "<group>"; };
/* End PBXFileReference section */

/* Begin PBXFrameworksBuildPhase section */
		A0849E291EF8726D00F8D8D7 /* Frameworks */ = {
			isa = PBXFrameworksBuildPhase;
			buildActionMask = 2147483647;
			files = (
			);
			runOnlyForDeploymentPostprocessing = 0;
		};
/* End PBXFrameworksBuildPhase section */

/* Begin PBXGroup section */
		A0849E231EF8726D00F8D8D7 = {
			isa = PBXGroup;
			children = (
				A0849E2E1EF8726D00F8D8D7 /* War_game */,
				A0849E2D1EF8726D00F8D8D7 /* Products */,
			);
			sourceTree = "<group>";
		};
		A0849E2D1EF8726D00F8D8D7 /* Products */ = {
			isa = PBXGroup;
			children = (
				A0849E2C1EF8726D00F8D8D7 /* War_game.app */,
			);
			name = Products;
			sourceTree = "<group>";
		};
		A0849E2E1EF8726D00F8D8D7 /* War_game */ = {
			isa = PBXGroup;
			children = (
				A0849E2F1EF8726D00F8D8D7 /* AppDelegate.swift */,
				A0849E311EF8726D00F8D8D7 /* ViewController.swift */,
				A0849E331EF8726D00F8D8D7 /* Main.storyboard */,
				A0849E361EF8726D00F8D8D7 /* Assets.xcassets */,
				A0849E381EF8726D00F8D8D7 /* LaunchScreen.storyboard */,
				A0849E3B1EF8726D00F8D8D7 /* Info.plist */,
			);
			path = War_game;
			sourceTree = "<group>";
		};
/* End PBXGroup section */

/* Begin PBXNativeTarget section */
		A0849E2B1EF8726D00F8D8D7 /* War_game */ = {
			isa = PBXNativeTarget;
			buildConfigurationList = A0849E3E1EF8726D00F8D8D7 /* Build configuration list for PBXNativeTarget "War_game" */;
			buildPhases = (
				A0849E281EF8726D00F8D8D7 /* Sources */,
				A0849E291EF8726D00F8D8D7 /* Frameworks */,
				A0849E2A1EF8726D00F8D8D7 /* Resources */,
			);
			buildRules = (
			);
			dependencies = (
			);
			name = War_game;
			productName = War_game;
			productReference = A0849E2C1EF8726D00F8D8D7 /* War_game.app */;
			productType = "com.apple.product-type.application";
		};
/* End PBXNativeTarget section */

/* Begin PBXProject section */
		A0849E241EF8726D00F8D8D7 /* Project object */ = {
			isa = PBXProject;
			attributes = {
				LastSwiftUpdateCheck = 0830;
				LastUpgradeCheck = 0830;
				ORGANIZATIONNAME = "Ally Mahmoud";
				TargetAttributes = {
					A0849E2B1EF8726D00F8D8D7 = {
						CreatedOnToolsVersion = 8.3.1;
						ProvisioningStyle = Automatic;
					};
				};
			};
			buildConfigurationList = A0849E271EF8726D00F8D8D7 /* Build configuration list for PBXProject "War_game" */;
			compatibilityVersion = "Xcode 3.2";
			developmentRegion = English;
			hasScannedForEncodings = 0;
			knownRegions = (
				en,
				Base,
			);
			mainGroup = A0849E231EF8726D00F8D8D7;
			productRefGroup = A0849E2D1EF8726D00F8D8D7 /* Products */;
			projectDirPath = "";
			projectRoot = "";
			targets = (
				A0849E2B1EF8726D00F8D8D7 /* War_game */,
			);
		};
/* End PBXProject section */

/* Begin PBXResourcesBuildPhase section */
		A0849E2A1EF8726D00F8D8D7 /* Resources */ = {
			isa = PBXResourcesBuildPhase;
			buildActionMask = 2147483647;
			files = (
				A0849E3A1EF8726D00F8D8D7 /* LaunchScreen.storyboard in Resources */,
				A0849E371EF8726D00F8D8D7 /* Assets.xcassets in Resources */,
				A0849E351EF8726D00F8D8D7 /* Main.storyboard in Resources */,
			);
			runOnlyForDeploymentPostprocessing = 0;
		};
/* End PBXResourcesBuildPhase section */

/* Begin PBXSourcesBuildPhase section */
		A0849E281EF8726D00F8D8D7 /* Sources */ = {
			isa = PBXSourcesBuildPhase;
			buildActionMask = 2147483647;
			files = (
				A0849E321EF8726D00F8D8D7 /* ViewController.swift in Sources */,
				A0849E301EF8726D00F8D8D7 /* AppDelegate.swift in Sources */,
			);
			runOnlyForDeploymentPostprocessing = 0;
		};
/* End PBXSourcesBuildPhase section */

/* Begin PBXVariantGroup section */
		A0849E331EF8726D00F8D8D7 /* Main.storyboard */ = {
			isa = PBXVariantGroup;
			children = (
				A0849E341EF8726D00F8D8D7 /* Base */,
			);
			name = Main.storyboard;
			sourceTree = "<group>";
		};
		A0849E381EF8726D00F8D8D7 /* LaunchScreen.storyboard */ = {
			isa = PBXVariantGroup;
			children = (
				A0849E391EF8726D00F8D8D7 /* Base */,
			);
			name = LaunchScreen.storyboard;
			sourceTree = "<group>";
		};
/* End PBXVariantGroup section */

/* Begin XCBuildConfiguration section */
		A0849E3C1EF8726D00F8D8D7 /* Debug */ = {
			isa = XCBuildConfiguration;
			buildSettings = {
				ALWAYS_SEARCH_USER_PATHS = NO;
				CLANG_ANALYZER_NONNULL = YES;
				CLANG_ANALYZER_NUMBER_OBJECT_CONVERSION = YES_AGGRESSIVE;
				CLANG_CXX_LANGUAGE_STANDARD = "gnu++0x";
				CLANG_CXX_LIBRARY = "libc++";
				CLANG_ENABLE_MODULES = YES;
				CLANG_ENABLE_OBJC_ARC = YES;
				CLANG_WARN_BOOL_CONVERSION = YES;
				CLANG_WARN_CONSTANT_CONVERSION = YES;
				CLANG_WARN_DIRECT_OBJC_ISA_USAGE = YES_ERROR;
				CLANG_WARN_DOCUMENTATION_COMMENTS = YES;
				CLANG_WARN_EMPTY_BODY = YES;
				CLANG_WARN_ENUM_CONVERSION = YES;
				CLANG_WARN_INFINITE_RECURSION = YES;
				CLANG_WARN_INT_CONVERSION = YES;
				CLANG_WARN_OBJC_ROOT_CLASS = YES_ERROR;
				CLANG_WARN_SUSPICIOUS_MOVE = YES;
				CLANG_WARN_UNREACHABLE_CODE = YES;
				CLANG_WARN__DUPLICATE_METHOD_MATCH = YES;
				"CODE_SIGN_IDENTITY[sdk=iphoneos*]" = "iPhone Developer";
				COPY_PHASE_STRIP = NO;
				DEBUG_INFORMATION_FORMAT = dwarf;
				ENABLE_STRICT_OBJC_MSGSEND = YES;
				ENABLE_TESTABILITY = YES;
				GCC_C_LANGUAGE_STANDARD = gnu99;
				GCC_DYNAMIC_NO_PIC = NO;
				GCC_NO_COMMON_BLOCKS = YES;
				GCC_OPTIMIZATION_LEVEL = 0;
				GCC_PREPROCESSOR_DEFINITIONS = (
					"DEBUG=1",
					"$(inherited)",
				);
				GCC_WARN_64_TO_32_BIT_CONVERSION = YES;
				GCC_WARN_ABOUT_RETURN_TYPE = YES_ERROR;
				GCC_WARN_UNDECLARED_SELECTOR = YES;
				GCC_WARN_UNINITIALIZED_AUTOS = YES_AGGRESSIVE;
				GCC_WARN_UNUSED_FUNCTION = YES;
				GCC_WARN_UNUSED_VARIABLE = YES;
				IPHONEOS_DEPLOYMENT_TARGET = 10.3;
				MTL_ENABLE_DEBUG_INFO = YES;
				ONLY_ACTIVE_ARCH = YES;
				SDKROOT = iphoneos;
				SWIFT_ACTIVE_COMPILATION_CONDITIONS = DEBUG;
				SWIFT_OPTIMIZATION_LEVEL = "-Onone";
			};
			name = Debug;
		};
		A0849E3D1EF8726D00F8D8D7 /* Release */ = {
			isa = XCBuildConfiguration;
			buildSettings = {
				ALWAYS_SEARCH_USER_PATHS = NO;
				CLANG_ANALYZER_NONNULL = YES;
				CLANG_ANALYZER_NUMBER_OBJECT_CONVERSION = YES_AGGRESSIVE;
				CLANG_CXX_LANGUAGE_STANDARD = "gnu++0x";
				CLANG_CXX_LIBRARY = "libc++";
				CLANG_ENABLE_MODULES = YES;
				CLANG_ENABLE_OBJC_ARC = YES;
				CLANG_WARN_BOOL_CONVERSION = YES;
				CLANG_WARN_CONSTANT_CONVERSION = YES;
				CLANG_WARN_DIRECT_OBJC_ISA_USAGE = YES_ERROR;
				CLANG_WARN_DOCUMENTATION_COMMENTS = YES;
				CLANG_WARN_EMPTY_BODY = YES;
				CLANG_WARN_ENUM_CONVERSION = YES;
				CLANG_WARN_INFINITE_RECURSION = YES;
				CLANG_WARN_INT_CONVERSION = YES;
				CLANG_WARN_OBJC_ROOT_CLASS = YES_ERROR;
				CLANG_WARN_SUSPICIOUS_MOVE = YES;
				CLANG_WARN_UNREACHABLE_CODE = YES;
				CLANG_WARN__DUPLICATE_METHOD_MATCH = YES;
				"CODE_SIGN_IDENTITY[sdk=iphoneos*]" = "iPhone Developer";
				COPY_PHASE_STRIP = NO;
				DEBUG_INFORMATION_FORMAT = "dwarf-with-dsym";
				ENABLE_NS_ASSERTIONS = NO;
				ENABLE_STRICT_OBJC_MSGSEND = YES;
				GCC_C_LANGUAGE_STANDARD = gnu99;
				GCC_NO_COMMON_BLOCKS = YES;
				GCC_WARN_64_TO_32_BIT_CONVERSION = YES;
				GCC_WARN_ABOUT_RETURN_TYPE = YES_ERROR;
				GCC_WARN_UNDECLARED_SELECTOR = YES;
				GCC_WARN_UNINITIALIZED_AUTOS = YES_AGGRESSIVE;
				GCC_WARN_UNUSED_FUNCTION = YES;
				GCC_WARN_UNUSED_VARIABLE = YES;
				IPHONEOS_DEPLOYMENT_TARGET = 10.3;
				MTL_ENABLE_DEBUG_INFO = NO;
				SDKROOT = iphoneos;
				SWIFT_OPTIMIZATION_LEVEL = "-Owholemodule";
				VALIDATE_PRODUCT = YES;
			};
			name = Release;
		};
		A0849E3F1EF8726D00F8D8D7 /* Debug */ = {
			isa = XCBuildConfiguration;
			buildSettings = {
				ASSETCATALOG_COMPILER_APPICON_NAME = AppIcon;
				INFOPLIST_FILE = War_game/Info.plist;
				LD_RUNPATH_SEARCH_PATHS = "$(inherited) @executable_path/Frameworks";
				PRODUCT_BUNDLE_IDENTIFIER = "com.superbluebird.War-game";
				PRODUCT_NAME = "$(TARGET_NAME)";
				SWIFT_VERSION = 3.0;
			};
			name = Debug;
		};
		A0849E401EF8726D00F8D8D7 /* Release */ = {
			isa = XCBuildConfiguration;
			buildSettings = {
				ASSETCATALOG_COMPILER_APPICON_NAME = AppIcon;
				INFOPLIST_FILE = War_game/Info.plist;
				LD_RUNPATH_SEARCH_PATHS = "$(inherited) @executable_path/Frameworks";
				PRODUCT_BUNDLE_IDENTIFIER = "com.superbluebird.War-game";
				PRODUCT_NAME = "$(TARGET_NAME)";
				SWIFT_VERSION = 3.0;
			};
			name = Release;
		};
/* End XCBuildConfiguration section */

/* Begin XCConfigurationList section */
		A0849E271EF8726D00F8D8D7 /* Build configuration list for PBXProject "War_game" */ = {
			isa = XCConfigurationList;
			buildConfigurations = (
				A0849E3C1EF8726D00F8D8D7 /* Debug */,
				A0849E3D1EF8726D00F8D8D7 /* Release */,
			);
			defaultConfigurationIsVisible = 0;
			defaultConfigurationName = Release;
		};
		A0849E3E1EF8726D00F8D8D7 /* Build configuration list for PBXNativeTarget "War_game" */ = {
			isa = XCConfigurationList;
			buildConfigurations = (
				A0849E3F1EF8726D00F8D8D7 /* Debug */,
				A0849E401EF8726D00F8D8D7 /* Release */,
			);
			defaultConfigurationIsVisible = 0;
		};
/* End XCConfigurationList section */
	};
	rootObject = A0849E241EF8726D00F8D8D7 /* Project object */;
}
